
Microsoft Visual Studio Solution File, Format Version 11.00
# Visual Studio 2010
Project("{FAE04EC0-301F-11D3-BF4B-00C04F79EFBC}") = "Gelf4net", "Gelf4net\Gelf4net.csproj", "{21601568-D8AD-433F-998D-1500A27F3FBD}"
EndProject
Project("{FAE04EC0-301F-11D3-BF4B-00C04F79EFBC}") = "Gelf4netTest", "Gelf4netTest\Gelf4netTest.csproj", "{3566B339-845E-49E9-8256-10545E91BD59}"
EndProject
Project("{2150E333-8FDC-42A3-9474-1A3956D46DE8}") = "Solution Items", "Solution Items", "{ACA4DC93-D0B4-469E-BF40-E3F5DD4AA9E4}"
	ProjectSection(SolutionItems) = preProject
		Gelf4net.vsmdi = Gelf4net.vsmdi
		Local.testsettings = Local.testsettings
		TraceAndTestImpact.testsettings = TraceAndTestImpact.testsettings
	EndProjectSection
EndProject
Project("{FAE04EC0-301F-11D3-BF4B-00C04F79EFBC}") = "RandomSentence", "RandomSentence\RandomSentence.csproj", "{66FA4787-0847-4B16-A653-0D0E4A6ED6DB}"
EndProject
Global
	GlobalSection(TestCaseManagementSettings) = postSolution
		CategoryFile = Gelf4net.vsmdi
	EndGlobalSection
	GlobalSection(SolutionConfigurationPlatforms) = preSolution
		Debug|Any CPU = Debug|Any CPU
		Debug|Mixed Platforms = Debug|Mixed Platforms
		Debug|x86 = Debug|x86
		Release|Any CPU = Release|Any CPU
		Release|Mixed Platforms = Release|Mixed Platforms
		Release|x86 = Release|x86
	EndGlobalSection
	GlobalSection(ProjectConfigurationPlatforms) = postSolution
		{21601568-D8AD-433F-998D-1500A27F3FBD}.Debug|Any CPU.ActiveCfg = Debug|Any CPU
		{21601568-D8AD-433F-998D-1500A27F3FBD}.Debug|Any CPU.Build.0 = Debug|Any CPU
		{21601568-D8AD-433F-998D-1500A27F3FBD}.Debug|Mixed Platforms.ActiveCfg = Debug|Any CPU
		{21601568-D8AD-433F-998D-1500A27F3FBD}.Debug|Mixed Platforms.Build.0 = Debug|Any CPU
		{21601568-D8AD-433F-998D-1500A27F3FBD}.Debug|x86.ActiveCfg = Debug|Any CPU
		{21601568-D8AD-433F-998D-1500A27F3FBD}.Release|Any CPU.ActiveCfg = Release|Any CPU
		{21601568-D8AD-433F-998D-1500A27F3FBD}.Release|Any CPU.Build.0 = Release|Any CPU
		{21601568-D8AD-433F-998D-1500A27F3FBD}.Release|Mixed Platforms.ActiveCfg = Release|Any CPU
		{21601568-D8AD-433F-998D-1500A27F3FBD}.Release|Mixed Platforms.Build.0 = Release|Any CPU
		{21601568-D8AD-433F-998D-1500A27F3FBD}.Release|x86.ActiveCfg = Release|Any CPU
		{3566B339-845E-49E9-8256-10545E91BD59}.Debug|Any CPU.ActiveCfg = Debug|Any CPU
		{3566B339-845E-49E9-8256-10545E91BD59}.Debug|Any CPU.Build.0 = Debug|Any CPU
		{3566B339-845E-49E9-8256-10545E91BD59}.Debug|Mixed Platforms.ActiveCfg = Debug|Any CPU
		{3566B339-845E-49E9-8256-10545E91BD59}.Debug|Mixed Platforms.Build.0 = Debug|Any CPU
		{3566B339-845E-49E9-8256-10545E91BD59}.Debug|x86.ActiveCfg = Debug|Any CPU
		{3566B339-845E-49E9-8256-10545E91BD59}.Release|Any CPU.ActiveCfg = Release|Any CPU
		{3566B339-845E-49E9-8256-10545E91BD59}.Release|Any CPU.Build.0 = Release|Any CPU
		{3566B339-845E-49E9-8256-10545E91BD59}.Release|Mixed Platforms.ActiveCfg = Release|Any CPU
		{3566B339-845E-49E9-8256-10545E91BD59}.Release|Mixed Platforms.Build.0 = Release|Any CPU
		{3566B339-845E-49E9-8256-10545E91BD59}.Release|x86.ActiveCfg = Release|Any CPU
		{66FA4787-0847-4B16-A653-0D0E4A6ED6DB}.Debug|Any CPU.ActiveCfg = Debug|x86
		{66FA4787-0847-4B16-A653-0D0E4A6ED6DB}.Debug|Mixed Platforms.ActiveCfg = Debug|x86
		{66FA4787-0847-4B16-A653-0D0E4A6ED6DB}.Debug|Mixed Platforms.Build.0 = Debug|x86
		{66FA4787-0847-4B16-A653-0D0E4A6ED6DB}.Debug|x86.ActiveCfg = Debug|x86
		{66FA4787-0847-4B16-A653-0D0E4A6ED6DB}.Debug|x86.Build.0 = Debug|x86
		{66FA4787-0847-4B16-A653-0D0E4A6ED6DB}.Release|Any CPU.ActiveCfg = Release|x86
		{66FA4787-0847-4B16-A653-0D0E4A6ED6DB}.Release|Mixed Platforms.ActiveCfg = Release|x86
		{66FA4787-0847-4B16-A653-0D0E4A6ED6DB}.Release|Mixed Platforms.Build.0 = Release|x86
		{66FA4787-0847-4B16-A653-0D0E4A6ED6DB}.Release|x86.ActiveCfg = Release|x86
		{66FA4787-0847-4B16-A653-0D0E4A6ED6DB}.Release|x86.Build.0 = Release|x86
	EndGlobalSection
	GlobalSection(SolutionProperties) = preSolution
		HideSolutionNode = FALSE
	EndGlobalSection
EndGlobal
