
Microsoft Visual Studio Solution File, Format Version 12.00
# Visual Studio 15
VisualStudioVersion = 15.0.26730.10
MinimumVisualStudioVersion = 10.0.40219.1
Project("{2150E333-8FDC-42A3-9474-1A3956D46DE8}") = "Solution Items", "Solution Items", "{D9795F83-A101-42E6-9FBD-EE628AC205F0}"
EndProject
Project("{FAE04EC0-301F-11D3-BF4B-00C04F79EFBC}") = "RandomSentence", "RandomSentence\RandomSentence.csproj", "{66FA4787-0847-4B16-A653-0D0E4A6ED6DB}"
EndProject
Project("{FAE04EC0-301F-11D3-BF4B-00C04F79EFBC}") = "SimpleConsoleApplication", "SimpleConsoleApplication\SimpleConsoleApplication.csproj", "{EC6086D7-2D09-43A8-A448-6B9067FAEF93}"
EndProject
Project("{FAE04EC0-301F-11D3-BF4B-00C04F79EFBC}") = "SimpleConsoleApplicationAmqpPackage", "SimpleConsoleApplicationAmqpPackage\SimpleConsoleApplicationAmqpPackage.csproj", "{2A9C7C2F-4FE8-478F-96FE-71F631008D6D}"
EndProject
Project("{FAE04EC0-301F-11D3-BF4B-00C04F79EFBC}") = "SimpleConsoleApplicationCorePackage", "SimpleConsoleApplicationCorePackage\SimpleConsoleApplicationCorePackage.csproj", "{E3C1D13D-BDFD-4FA0-BA57-55AC6A872D70}"
EndProject
Project("{FAE04EC0-301F-11D3-BF4B-00C04F79EFBC}") = "SimpleConsoleApplicationHttpPackage", "SimpleConsoleApplicationHttpPackage\SimpleConsoleApplicationHttpPackage.csproj", "{9448C7D8-ABE2-4FE2-9EF2-F5DF6B1B4BE0}"
EndProject
Project("{FAE04EC0-301F-11D3-BF4B-00C04F79EFBC}") = "SimpleConsoleApplicationUdpPackage", "SimpleConsoleApplicationUdpPackage\SimpleConsoleApplicationUdpPackage.csproj", "{13AED8DE-6167-4891-9F33-10FE917A2608}"
EndProject
Project("{FAE04EC0-301F-11D3-BF4B-00C04F79EFBC}") = "SimpleConsoleApplicationLoggingEvent", "SimpleConsoleApplicationLoggingEvent\SimpleConsoleApplicationLoggingEvent.csproj", "{BB7437A6-CAE6-4D15-80BD-CB7843BFCE6C}"
EndProject
Project("{9A19103F-16F7-4668-BE54-9A1E7A4F7556}") = "SimpleDotnetcoreConsoleApplication", "SimpleDotnetcoreConsoleApplication\SimpleDotnetcoreConsoleApplication.csproj", "{B73D00F0-68D2-48BD-8383-67C89DF15FAA}"
EndProject
Project("{9A19103F-16F7-4668-BE54-9A1E7A4F7556}") = "SimpleDotnetcoreConsoleApplicationAmqpPackage", "SimpleDotnetcoreConsoleApplicationAmqpPackage\SimpleDotnetcoreConsoleApplicationAmqpPackage.csproj", "{08DB026C-6DA8-466D-A589-82663D30E19F}"
EndProject
Project("{9A19103F-16F7-4668-BE54-9A1E7A4F7556}") = "SimpleDotnetcoreConsoleApplicationHttpPackage", "SimpleDotnetcoreConsoleApplicationHttpPackage\SimpleDotnetcoreConsoleApplicationHttpPackage.csproj", "{667AA1B5-C157-40A1-8235-C8F3715AB6A1}"
EndProject
Project("{9A19103F-16F7-4668-BE54-9A1E7A4F7556}") = "SimpleDotnetcoreConsoleApplicationUdpPackage", "SimpleDotnetcoreConsoleApplicationUdpPackage\SimpleDotnetcoreConsoleApplicationUdpPackage.csproj", "{788821F6-197B-4E3F-A1D0-3B1CDDADDBE5}"
EndProject
Project("{9A19103F-16F7-4668-BE54-9A1E7A4F7556}") = "SimpleDotnetcoreWebApplication", "SimpleDotnetcoreWebApplication\SimpleDotnetcoreWebApplication.csproj", "{F4EBDF60-216C-48A9-B941-A3053E8283A9}"
EndProject
Project("{FAE04EC0-301F-11D3-BF4B-00C04F79EFBC}") = "JSNLogDemo_Log4Net", "JSNLogDemo_Log4Net\JSNLogDemo_Log4Net.csproj", "{BE76AA48-CD0F-4DA1-AA89-F1EB25812F9A}"
EndProject
Global
	GlobalSection(SolutionConfigurationPlatforms) = preSolution
		Debug|Any CPU = Debug|Any CPU
		Debug|Mixed Platforms = Debug|Mixed Platforms
		Debug|x86 = Debug|x86
		Release|Any CPU = Release|Any CPU
		Release|Mixed Platforms = Release|Mixed Platforms
		Release|x86 = Release|x86
	EndGlobalSection
	GlobalSection(ProjectConfigurationPlatforms) = postSolution
		{66FA4787-0847-4B16-A653-0D0E4A6ED6DB}.Debug|Any CPU.ActiveCfg = Debug|x86
		{66FA4787-0847-4B16-A653-0D0E4A6ED6DB}.Debug|Mixed Platforms.ActiveCfg = Debug|x86
		{66FA4787-0847-4B16-A653-0D0E4A6ED6DB}.Debug|Mixed Platforms.Build.0 = Debug|x86
		{66FA4787-0847-4B16-A653-0D0E4A6ED6DB}.Debug|x86.ActiveCfg = Debug|x86
		{66FA4787-0847-4B16-A653-0D0E4A6ED6DB}.Debug|x86.Build.0 = Debug|x86
		{66FA4787-0847-4B16-A653-0D0E4A6ED6DB}.Release|Any CPU.ActiveCfg = Release|x86
		{66FA4787-0847-4B16-A653-0D0E4A6ED6DB}.Release|Mixed Platforms.ActiveCfg = Release|x86
		{66FA4787-0847-4B16-A653-0D0E4A6ED6DB}.Release|Mixed Platforms.Build.0 = Release|x86
		{66FA4787-0847-4B16-A653-0D0E4A6ED6DB}.Release|x86.ActiveCfg = Release|x86
		{66FA4787-0847-4B16-A653-0D0E4A6ED6DB}.Release|x86.Build.0 = Release|x86
		{EC6086D7-2D09-43A8-A448-6B9067FAEF93}.Debug|Any CPU.ActiveCfg = Debug|Any CPU
		{EC6086D7-2D09-43A8-A448-6B9067FAEF93}.Debug|Any CPU.Build.0 = Debug|Any CPU
		{EC6086D7-2D09-43A8-A448-6B9067FAEF93}.Debug|Mixed Platforms.ActiveCfg = Debug|Any CPU
		{EC6086D7-2D09-43A8-A448-6B9067FAEF93}.Debug|Mixed Platforms.Build.0 = Debug|Any CPU
		{EC6086D7-2D09-43A8-A448-6B9067FAEF93}.Debug|x86.ActiveCfg = Debug|Any CPU
		{EC6086D7-2D09-43A8-A448-6B9067FAEF93}.Release|Any CPU.ActiveCfg = Release|Any CPU
		{EC6086D7-2D09-43A8-A448-6B9067FAEF93}.Release|Any CPU.Build.0 = Release|Any CPU
		{EC6086D7-2D09-43A8-A448-6B9067FAEF93}.Release|Mixed Platforms.ActiveCfg = Release|Any CPU
		{EC6086D7-2D09-43A8-A448-6B9067FAEF93}.Release|Mixed Platforms.Build.0 = Release|Any CPU
		{EC6086D7-2D09-43A8-A448-6B9067FAEF93}.Release|x86.ActiveCfg = Release|Any CPU
		{2A9C7C2F-4FE8-478F-96FE-71F631008D6D}.Debug|Any CPU.ActiveCfg = Debug|Any CPU
		{2A9C7C2F-4FE8-478F-96FE-71F631008D6D}.Debug|Any CPU.Build.0 = Debug|Any CPU
		{2A9C7C2F-4FE8-478F-96FE-71F631008D6D}.Debug|Mixed Platforms.ActiveCfg = Debug|Any CPU
		{2A9C7C2F-4FE8-478F-96FE-71F631008D6D}.Debug|Mixed Platforms.Build.0 = Debug|Any CPU
		{2A9C7C2F-4FE8-478F-96FE-71F631008D6D}.Debug|x86.ActiveCfg = Debug|Any CPU
		{2A9C7C2F-4FE8-478F-96FE-71F631008D6D}.Debug|x86.Build.0 = Debug|Any CPU
		{2A9C7C2F-4FE8-478F-96FE-71F631008D6D}.Release|Any CPU.ActiveCfg = Release|Any CPU
		{2A9C7C2F-4FE8-478F-96FE-71F631008D6D}.Release|Any CPU.Build.0 = Release|Any CPU
		{2A9C7C2F-4FE8-478F-96FE-71F631008D6D}.Release|Mixed Platforms.ActiveCfg = Release|Any CPU
		{2A9C7C2F-4FE8-478F-96FE-71F631008D6D}.Release|Mixed Platforms.Build.0 = Release|Any CPU
		{2A9C7C2F-4FE8-478F-96FE-71F631008D6D}.Release|x86.ActiveCfg = Release|Any CPU
		{2A9C7C2F-4FE8-478F-96FE-71F631008D6D}.Release|x86.Build.0 = Release|Any CPU
		{E3C1D13D-BDFD-4FA0-BA57-55AC6A872D70}.Debug|Any CPU.ActiveCfg = Debug|Any CPU
		{E3C1D13D-BDFD-4FA0-BA57-55AC6A872D70}.Debug|Any CPU.Build.0 = Debug|Any CPU
		{E3C1D13D-BDFD-4FA0-BA57-55AC6A872D70}.Debug|Mixed Platforms.ActiveCfg = Debug|Any CPU
		{E3C1D13D-BDFD-4FA0-BA57-55AC6A872D70}.Debug|Mixed Platforms.Build.0 = Debug|Any CPU
		{E3C1D13D-BDFD-4FA0-BA57-55AC6A872D70}.Debug|x86.ActiveCfg = Debug|Any CPU
		{E3C1D13D-BDFD-4FA0-BA57-55AC6A872D70}.Debug|x86.Build.0 = Debug|Any CPU
		{E3C1D13D-BDFD-4FA0-BA57-55AC6A872D70}.Release|Any CPU.ActiveCfg = Release|Any CPU
		{E3C1D13D-BDFD-4FA0-BA57-55AC6A872D70}.Release|Any CPU.Build.0 = Release|Any CPU
		{E3C1D13D-BDFD-4FA0-BA57-55AC6A872D70}.Release|Mixed Platforms.ActiveCfg = Release|Any CPU
		{E3C1D13D-BDFD-4FA0-BA57-55AC6A872D70}.Release|Mixed Platforms.Build.0 = Release|Any CPU
		{E3C1D13D-BDFD-4FA0-BA57-55AC6A872D70}.Release|x86.ActiveCfg = Release|Any CPU
		{E3C1D13D-BDFD-4FA0-BA57-55AC6A872D70}.Release|x86.Build.0 = Release|Any CPU
		{9448C7D8-ABE2-4FE2-9EF2-F5DF6B1B4BE0}.Debug|Any CPU.ActiveCfg = Debug|Any CPU
		{9448C7D8-ABE2-4FE2-9EF2-F5DF6B1B4BE0}.Debug|Any CPU.Build.0 = Debug|Any CPU
		{9448C7D8-ABE2-4FE2-9EF2-F5DF6B1B4BE0}.Debug|Mixed Platforms.ActiveCfg = Debug|Any CPU
		{9448C7D8-ABE2-4FE2-9EF2-F5DF6B1B4BE0}.Debug|Mixed Platforms.Build.0 = Debug|Any CPU
		{9448C7D8-ABE2-4FE2-9EF2-F5DF6B1B4BE0}.Debug|x86.ActiveCfg = Debug|Any CPU
		{9448C7D8-ABE2-4FE2-9EF2-F5DF6B1B4BE0}.Debug|x86.Build.0 = Debug|Any CPU
		{9448C7D8-ABE2-4FE2-9EF2-F5DF6B1B4BE0}.Release|Any CPU.ActiveCfg = Release|Any CPU
		{9448C7D8-ABE2-4FE2-9EF2-F5DF6B1B4BE0}.Release|Any CPU.Build.0 = Release|Any CPU
		{9448C7D8-ABE2-4FE2-9EF2-F5DF6B1B4BE0}.Release|Mixed Platforms.ActiveCfg = Release|Any CPU
		{9448C7D8-ABE2-4FE2-9EF2-F5DF6B1B4BE0}.Release|Mixed Platforms.Build.0 = Release|Any CPU
		{9448C7D8-ABE2-4FE2-9EF2-F5DF6B1B4BE0}.Release|x86.ActiveCfg = Release|Any CPU
		{9448C7D8-ABE2-4FE2-9EF2-F5DF6B1B4BE0}.Release|x86.Build.0 = Release|Any CPU
		{13AED8DE-6167-4891-9F33-10FE917A2608}.Debug|Any CPU.ActiveCfg = Debug|Any CPU
		{13AED8DE-6167-4891-9F33-10FE917A2608}.Debug|Any CPU.Build.0 = Debug|Any CPU
		{13AED8DE-6167-4891-9F33-10FE917A2608}.Debug|Mixed Platforms.ActiveCfg = Debug|Any CPU
		{13AED8DE-6167-4891-9F33-10FE917A2608}.Debug|Mixed Platforms.Build.0 = Debug|Any CPU
		{13AED8DE-6167-4891-9F33-10FE917A2608}.Debug|x86.ActiveCfg = Debug|Any CPU
		{13AED8DE-6167-4891-9F33-10FE917A2608}.Debug|x86.Build.0 = Debug|Any CPU
		{13AED8DE-6167-4891-9F33-10FE917A2608}.Release|Any CPU.ActiveCfg = Release|Any CPU
		{13AED8DE-6167-4891-9F33-10FE917A2608}.Release|Any CPU.Build.0 = Release|Any CPU
		{13AED8DE-6167-4891-9F33-10FE917A2608}.Release|Mixed Platforms.ActiveCfg = Release|Any CPU
		{13AED8DE-6167-4891-9F33-10FE917A2608}.Release|Mixed Platforms.Build.0 = Release|Any CPU
		{13AED8DE-6167-4891-9F33-10FE917A2608}.Release|x86.ActiveCfg = Release|Any CPU
		{13AED8DE-6167-4891-9F33-10FE917A2608}.Release|x86.Build.0 = Release|Any CPU
		{BB7437A6-CAE6-4D15-80BD-CB7843BFCE6C}.Debug|Any CPU.ActiveCfg = Debug|Any CPU
		{BB7437A6-CAE6-4D15-80BD-CB7843BFCE6C}.Debug|Any CPU.Build.0 = Debug|Any CPU
		{BB7437A6-CAE6-4D15-80BD-CB7843BFCE6C}.Debug|Mixed Platforms.ActiveCfg = Debug|Any CPU
		{BB7437A6-CAE6-4D15-80BD-CB7843BFCE6C}.Debug|Mixed Platforms.Build.0 = Debug|Any CPU
		{BB7437A6-CAE6-4D15-80BD-CB7843BFCE6C}.Debug|x86.ActiveCfg = Debug|Any CPU
		{BB7437A6-CAE6-4D15-80BD-CB7843BFCE6C}.Debug|x86.Build.0 = Debug|Any CPU
		{BB7437A6-CAE6-4D15-80BD-CB7843BFCE6C}.Release|Any CPU.ActiveCfg = Release|Any CPU
		{BB7437A6-CAE6-4D15-80BD-CB7843BFCE6C}.Release|Any CPU.Build.0 = Release|Any CPU
		{BB7437A6-CAE6-4D15-80BD-CB7843BFCE6C}.Release|Mixed Platforms.ActiveCfg = Release|Any CPU
		{BB7437A6-CAE6-4D15-80BD-CB7843BFCE6C}.Release|Mixed Platforms.Build.0 = Release|Any CPU
		{BB7437A6-CAE6-4D15-80BD-CB7843BFCE6C}.Release|x86.ActiveCfg = Release|Any CPU
		{BB7437A6-CAE6-4D15-80BD-CB7843BFCE6C}.Release|x86.Build.0 = Release|Any CPU
		{B73D00F0-68D2-48BD-8383-67C89DF15FAA}.Debug|Any CPU.ActiveCfg = Debug|Any CPU
		{B73D00F0-68D2-48BD-8383-67C89DF15FAA}.Debug|Any CPU.Build.0 = Debug|Any CPU
		{B73D00F0-68D2-48BD-8383-67C89DF15FAA}.Debug|Mixed Platforms.ActiveCfg = Debug|Any CPU
		{B73D00F0-68D2-48BD-8383-67C89DF15FAA}.Debug|Mixed Platforms.Build.0 = Debug|Any CPU
		{B73D00F0-68D2-48BD-8383-67C89DF15FAA}.Debug|x86.ActiveCfg = Debug|Any CPU
		{B73D00F0-68D2-48BD-8383-67C89DF15FAA}.Debug|x86.Build.0 = Debug|Any CPU
		{B73D00F0-68D2-48BD-8383-67C89DF15FAA}.Release|Any CPU.ActiveCfg = Release|Any CPU
		{B73D00F0-68D2-48BD-8383-67C89DF15FAA}.Release|Any CPU.Build.0 = Release|Any CPU
		{B73D00F0-68D2-48BD-8383-67C89DF15FAA}.Release|Mixed Platforms.ActiveCfg = Release|Any CPU
		{B73D00F0-68D2-48BD-8383-67C89DF15FAA}.Release|Mixed Platforms.Build.0 = Release|Any CPU
		{B73D00F0-68D2-48BD-8383-67C89DF15FAA}.Release|x86.ActiveCfg = Release|Any CPU
		{B73D00F0-68D2-48BD-8383-67C89DF15FAA}.Release|x86.Build.0 = Release|Any CPU
		{08DB026C-6DA8-466D-A589-82663D30E19F}.Debug|Any CPU.ActiveCfg = Debug|Any CPU
		{08DB026C-6DA8-466D-A589-82663D30E19F}.Debug|Any CPU.Build.0 = Debug|Any CPU
		{08DB026C-6DA8-466D-A589-82663D30E19F}.Debug|Mixed Platforms.ActiveCfg = Debug|Any CPU
		{08DB026C-6DA8-466D-A589-82663D30E19F}.Debug|Mixed Platforms.Build.0 = Debug|Any CPU
		{08DB026C-6DA8-466D-A589-82663D30E19F}.Debug|x86.ActiveCfg = Debug|Any CPU
		{08DB026C-6DA8-466D-A589-82663D30E19F}.Debug|x86.Build.0 = Debug|Any CPU
		{08DB026C-6DA8-466D-A589-82663D30E19F}.Release|Any CPU.ActiveCfg = Release|Any CPU
		{08DB026C-6DA8-466D-A589-82663D30E19F}.Release|Any CPU.Build.0 = Release|Any CPU
		{08DB026C-6DA8-466D-A589-82663D30E19F}.Release|Mixed Platforms.ActiveCfg = Release|Any CPU
		{08DB026C-6DA8-466D-A589-82663D30E19F}.Release|Mixed Platforms.Build.0 = Release|Any CPU
		{08DB026C-6DA8-466D-A589-82663D30E19F}.Release|x86.ActiveCfg = Release|Any CPU
		{08DB026C-6DA8-466D-A589-82663D30E19F}.Release|x86.Build.0 = Release|Any CPU
		{667AA1B5-C157-40A1-8235-C8F3715AB6A1}.Debug|Any CPU.ActiveCfg = Debug|Any CPU
		{667AA1B5-C157-40A1-8235-C8F3715AB6A1}.Debug|Any CPU.Build.0 = Debug|Any CPU
		{667AA1B5-C157-40A1-8235-C8F3715AB6A1}.Debug|Mixed Platforms.ActiveCfg = Debug|Any CPU
		{667AA1B5-C157-40A1-8235-C8F3715AB6A1}.Debug|Mixed Platforms.Build.0 = Debug|Any CPU
		{667AA1B5-C157-40A1-8235-C8F3715AB6A1}.Debug|x86.ActiveCfg = Debug|Any CPU
		{667AA1B5-C157-40A1-8235-C8F3715AB6A1}.Debug|x86.Build.0 = Debug|Any CPU
		{667AA1B5-C157-40A1-8235-C8F3715AB6A1}.Release|Any CPU.ActiveCfg = Release|Any CPU
		{667AA1B5-C157-40A1-8235-C8F3715AB6A1}.Release|Any CPU.Build.0 = Release|Any CPU
		{667AA1B5-C157-40A1-8235-C8F3715AB6A1}.Release|Mixed Platforms.ActiveCfg = Release|Any CPU
		{667AA1B5-C157-40A1-8235-C8F3715AB6A1}.Release|Mixed Platforms.Build.0 = Release|Any CPU
		{667AA1B5-C157-40A1-8235-C8F3715AB6A1}.Release|x86.ActiveCfg = Release|Any CPU
		{667AA1B5-C157-40A1-8235-C8F3715AB6A1}.Release|x86.Build.0 = Release|Any CPU
		{788821F6-197B-4E3F-A1D0-3B1CDDADDBE5}.Debug|Any CPU.ActiveCfg = Debug|Any CPU
		{788821F6-197B-4E3F-A1D0-3B1CDDADDBE5}.Debug|Any CPU.Build.0 = Debug|Any CPU
		{788821F6-197B-4E3F-A1D0-3B1CDDADDBE5}.Debug|Mixed Platforms.ActiveCfg = Debug|Any CPU
		{788821F6-197B-4E3F-A1D0-3B1CDDADDBE5}.Debug|Mixed Platforms.Build.0 = Debug|Any CPU
		{788821F6-197B-4E3F-A1D0-3B1CDDADDBE5}.Debug|x86.ActiveCfg = Debug|Any CPU
		{788821F6-197B-4E3F-A1D0-3B1CDDADDBE5}.Debug|x86.Build.0 = Debug|Any CPU
		{788821F6-197B-4E3F-A1D0-3B1CDDADDBE5}.Release|Any CPU.ActiveCfg = Release|Any CPU
		{788821F6-197B-4E3F-A1D0-3B1CDDADDBE5}.Release|Any CPU.Build.0 = Release|Any CPU
		{788821F6-197B-4E3F-A1D0-3B1CDDADDBE5}.Release|Mixed Platforms.ActiveCfg = Release|Any CPU
		{788821F6-197B-4E3F-A1D0-3B1CDDADDBE5}.Release|Mixed Platforms.Build.0 = Release|Any CPU
		{788821F6-197B-4E3F-A1D0-3B1CDDADDBE5}.Release|x86.ActiveCfg = Release|Any CPU
		{788821F6-197B-4E3F-A1D0-3B1CDDADDBE5}.Release|x86.Build.0 = Release|Any CPU
		{F4EBDF60-216C-48A9-B941-A3053E8283A9}.Debug|Any CPU.ActiveCfg = Debug|Any CPU
		{F4EBDF60-216C-48A9-B941-A3053E8283A9}.Debug|Any CPU.Build.0 = Debug|Any CPU
		{F4EBDF60-216C-48A9-B941-A3053E8283A9}.Debug|Mixed Platforms.ActiveCfg = Debug|Any CPU
		{F4EBDF60-216C-48A9-B941-A3053E8283A9}.Debug|Mixed Platforms.Build.0 = Debug|Any CPU
		{F4EBDF60-216C-48A9-B941-A3053E8283A9}.Debug|x86.ActiveCfg = Debug|Any CPU
		{F4EBDF60-216C-48A9-B941-A3053E8283A9}.Debug|x86.Build.0 = Debug|Any CPU
		{F4EBDF60-216C-48A9-B941-A3053E8283A9}.Release|Any CPU.ActiveCfg = Release|Any CPU
		{F4EBDF60-216C-48A9-B941-A3053E8283A9}.Release|Any CPU.Build.0 = Release|Any CPU
		{F4EBDF60-216C-48A9-B941-A3053E8283A9}.Release|Mixed Platforms.ActiveCfg = Release|Any CPU
		{F4EBDF60-216C-48A9-B941-A3053E8283A9}.Release|Mixed Platforms.Build.0 = Release|Any CPU
		{F4EBDF60-216C-48A9-B941-A3053E8283A9}.Release|x86.ActiveCfg = Release|Any CPU
		{F4EBDF60-216C-48A9-B941-A3053E8283A9}.Release|x86.Build.0 = Release|Any CPU
		{BE76AA48-CD0F-4DA1-AA89-F1EB25812F9A}.Debug|Any CPU.ActiveCfg = Debug|Any CPU
		{BE76AA48-CD0F-4DA1-AA89-F1EB25812F9A}.Debug|Any CPU.Build.0 = Debug|Any CPU
		{BE76AA48-CD0F-4DA1-AA89-F1EB25812F9A}.Debug|Mixed Platforms.ActiveCfg = Debug|Any CPU
		{BE76AA48-CD0F-4DA1-AA89-F1EB25812F9A}.Debug|Mixed Platforms.Build.0 = Debug|Any CPU
		{BE76AA48-CD0F-4DA1-AA89-F1EB25812F9A}.Debug|x86.ActiveCfg = Debug|Any CPU
		{BE76AA48-CD0F-4DA1-AA89-F1EB25812F9A}.Debug|x86.Build.0 = Debug|Any CPU
		{BE76AA48-CD0F-4DA1-AA89-F1EB25812F9A}.Release|Any CPU.ActiveCfg = Release|Any CPU
		{BE76AA48-CD0F-4DA1-AA89-F1EB25812F9A}.Release|Any CPU.Build.0 = Release|Any CPU
		{BE76AA48-CD0F-4DA1-AA89-F1EB25812F9A}.Release|Mixed Platforms.ActiveCfg = Release|Any CPU
		{BE76AA48-CD0F-4DA1-AA89-F1EB25812F9A}.Release|Mixed Platforms.Build.0 = Release|Any CPU
		{BE76AA48-CD0F-4DA1-AA89-F1EB25812F9A}.Release|x86.ActiveCfg = Release|Any CPU
		{BE76AA48-CD0F-4DA1-AA89-F1EB25812F9A}.Release|x86.Build.0 = Release|Any CPU
	EndGlobalSection
	GlobalSection(SolutionProperties) = preSolution
		HideSolutionNode = FALSE
	EndGlobalSection
	GlobalSection(ExtensibilityGlobals) = postSolution
		SolutionGuid = {7D69C9DF-2D73-45D5-9C60-3361C4668EA8}
	EndGlobalSection
EndGlobal
