
Microsoft Visual Studio Solution File, Format Version 12.00
# Visual Studio 2013
VisualStudioVersion = 12.0.31101.0
MinimumVisualStudioVersion = 10.0.40219.1
Project("{FAE04EC0-301F-11D3-BF4B-00C04F79EFBC}") = "RandomSentence", "RandomSentence\RandomSentence.csproj", "{66FA4787-0847-4B16-A653-0D0E4A6ED6DB}"
EndProject
Project("{FAE04EC0-301F-11D3-BF4B-00C04F79EFBC}") = "SimpleConsoleApplication", "SimpleConsoleApplication\SimpleConsoleApplication.csproj", "{EC6086D7-2D09-43A8-A448-6B9067FAEF93}"
EndProject
Global
	GlobalSection(SolutionConfigurationPlatforms) = preSolution
		Debug|Any CPU = Debug|Any CPU
		Debug|Mixed Platforms = Debug|Mixed Platforms
		Debug|x86 = Debug|x86
		Release|Any CPU = Release|Any CPU
		Release|Mixed Platforms = Release|Mixed Platforms
		Release|x86 = Release|x86
	EndGlobalSection
	GlobalSection(ProjectConfigurationPlatforms) = postSolution
		{66FA4787-0847-4B16-A653-0D0E4A6ED6DB}.Debug|Any CPU.ActiveCfg = Debug|x86
		{66FA4787-0847-4B16-A653-0D0E4A6ED6DB}.Debug|Mixed Platforms.ActiveCfg = Debug|x86
		{66FA4787-0847-4B16-A653-0D0E4A6ED6DB}.Debug|Mixed Platforms.Build.0 = Debug|x86
		{66FA4787-0847-4B16-A653-0D0E4A6ED6DB}.Debug|x86.ActiveCfg = Debug|x86
		{66FA4787-0847-4B16-A653-0D0E4A6ED6DB}.Debug|x86.Build.0 = Debug|x86
		{66FA4787-0847-4B16-A653-0D0E4A6ED6DB}.Release|Any CPU.ActiveCfg = Release|x86
		{66FA4787-0847-4B16-A653-0D0E4A6ED6DB}.Release|Mixed Platforms.ActiveCfg = Release|x86
		{66FA4787-0847-4B16-A653-0D0E4A6ED6DB}.Release|Mixed Platforms.Build.0 = Release|x86
		{66FA4787-0847-4B16-A653-0D0E4A6ED6DB}.Release|x86.ActiveCfg = Release|x86
		{66FA4787-0847-4B16-A653-0D0E4A6ED6DB}.Release|x86.Build.0 = Release|x86
		{EC6086D7-2D09-43A8-A448-6B9067FAEF93}.Debug|Any CPU.ActiveCfg = Debug|Any CPU
		{EC6086D7-2D09-43A8-A448-6B9067FAEF93}.Debug|Any CPU.Build.0 = Debug|Any CPU
		{EC6086D7-2D09-43A8-A448-6B9067FAEF93}.Debug|Mixed Platforms.ActiveCfg = Debug|Any CPU
		{EC6086D7-2D09-43A8-A448-6B9067FAEF93}.Debug|Mixed Platforms.Build.0 = Debug|Any CPU
		{EC6086D7-2D09-43A8-A448-6B9067FAEF93}.Debug|x86.ActiveCfg = Debug|Any CPU
		{EC6086D7-2D09-43A8-A448-6B9067FAEF93}.Release|Any CPU.ActiveCfg = Release|Any CPU
		{EC6086D7-2D09-43A8-A448-6B9067FAEF93}.Release|Any CPU.Build.0 = Release|Any CPU
		{EC6086D7-2D09-43A8-A448-6B9067FAEF93}.Release|Mixed Platforms.ActiveCfg = Release|Any CPU
		{EC6086D7-2D09-43A8-A448-6B9067FAEF93}.Release|Mixed Platforms.Build.0 = Release|Any CPU
		{EC6086D7-2D09-43A8-A448-6B9067FAEF93}.Release|x86.ActiveCfg = Release|Any CPU
	EndGlobalSection
	GlobalSection(SolutionProperties) = preSolution
		HideSolutionNode = FALSE
	EndGlobalSection
EndGlobal
